
Microsoft Visual Studio Solution File, Format Version 12.00
# Visual Studio Version 17
VisualStudioVersion = 17.10.34916.146
MinimumVisualStudioVersion = 10.0.40219.1
Project("{2150E333-8FDC-42A3-9474-1A3956D46DE8}") = "src", "src", "{EE502AF3-1ABE-4E85-9AE3-9D4F0AF96F90}"
EndProject
Project("{2150E333-8FDC-42A3-9474-1A3956D46DE8}") = "Backend", "Backend", "{FEA53647-6C16-4BA1-9234-B99702C0115B}"
EndProject
Project("{2150E333-8FDC-42A3-9474-1A3956D46DE8}") = "Frontend", "Frontend", "{E1A22263-C038-4106-90F7-70089FA67E77}"
EndProject
Project("{9A19103F-16F7-4668-BE54-9A1E7A4F7556}") = "Web.API", "Web.API\Web.API.csproj", "{732EA76A-6903-418A-99B6-003BB761D1A6}"
	ProjectSection(ProjectDependencies) = postProject
		{6911966D-744E-4D62-A48D-A8124B367629} = {6911966D-744E-4D62-A48D-A8124B367629}
		{D13DEF38-A57D-4E5E-8E23-1690E30DE527} = {D13DEF38-A57D-4E5E-8E23-1690E30DE527}
		{E5952207-8742-441C-95D9-CB54AE9C3953} = {E5952207-8742-441C-95D9-CB54AE9C3953}
	EndProjectSection
EndProject
Project("{54A90642-561A-4BB1-A94E-469ADEE60C69}") = "Client", "Client\Client.esproj", "{B093C34F-47E7-445F-AB91-3C09053932ED}"
EndProject
Project("{9A19103F-16F7-4668-BE54-9A1E7A4F7556}") = "Model", "Model\Model.csproj", "{E5952207-8742-441C-95D9-CB54AE9C3953}"
EndProject
Project("{9A19103F-16F7-4668-BE54-9A1E7A4F7556}") = "Data", "Data\Data.csproj", "{D13DEF38-A57D-4E5E-8E23-1690E30DE527}"
EndProject
Project("{9A19103F-16F7-4668-BE54-9A1E7A4F7556}") = "Services", "Services\Services.csproj", "{6911966D-744E-4D62-A48D-A8124B367629}"
	ProjectSection(ProjectDependencies) = postProject
		{D13DEF38-A57D-4E5E-8E23-1690E30DE527} = {D13DEF38-A57D-4E5E-8E23-1690E30DE527}
		{E5952207-8742-441C-95D9-CB54AE9C3953} = {E5952207-8742-441C-95D9-CB54AE9C3953}
	EndProjectSection
EndProject
Global
	GlobalSection(SolutionConfigurationPlatforms) = preSolution
		Debug|Any CPU = Debug|Any CPU
		Release|Any CPU = Release|Any CPU
	EndGlobalSection
	GlobalSection(ProjectConfigurationPlatforms) = postSolution
		{732EA76A-6903-418A-99B6-003BB761D1A6}.Debug|Any CPU.ActiveCfg = Debug|Any CPU
		{732EA76A-6903-418A-99B6-003BB761D1A6}.Debug|Any CPU.Build.0 = Debug|Any CPU
		{732EA76A-6903-418A-99B6-003BB761D1A6}.Release|Any CPU.ActiveCfg = Release|Any CPU
		{732EA76A-6903-418A-99B6-003BB761D1A6}.Release|Any CPU.Build.0 = Release|Any CPU
		{B093C34F-47E7-445F-AB91-3C09053932ED}.Debug|Any CPU.ActiveCfg = Debug|Any CPU
		{B093C34F-47E7-445F-AB91-3C09053932ED}.Debug|Any CPU.Build.0 = Debug|Any CPU
		{B093C34F-47E7-445F-AB91-3C09053932ED}.Debug|Any CPU.Deploy.0 = Debug|Any CPU
		{B093C34F-47E7-445F-AB91-3C09053932ED}.Release|Any CPU.ActiveCfg = Release|Any CPU
		{B093C34F-47E7-445F-AB91-3C09053932ED}.Release|Any CPU.Build.0 = Release|Any CPU
		{B093C34F-47E7-445F-AB91-3C09053932ED}.Release|Any CPU.Deploy.0 = Release|Any CPU
		{E5952207-8742-441C-95D9-CB54AE9C3953}.Debug|Any CPU.ActiveCfg = Debug|Any CPU
		{E5952207-8742-441C-95D9-CB54AE9C3953}.Debug|Any CPU.Build.0 = Debug|Any CPU
		{E5952207-8742-441C-95D9-CB54AE9C3953}.Release|Any CPU.ActiveCfg = Release|Any CPU
		{E5952207-8742-441C-95D9-CB54AE9C3953}.Release|Any CPU.Build.0 = Release|Any CPU
		{D13DEF38-A57D-4E5E-8E23-1690E30DE527}.Debug|Any CPU.ActiveCfg = Debug|Any CPU
		{D13DEF38-A57D-4E5E-8E23-1690E30DE527}.Debug|Any CPU.Build.0 = Debug|Any CPU
		{D13DEF38-A57D-4E5E-8E23-1690E30DE527}.Release|Any CPU.ActiveCfg = Release|Any CPU
		{D13DEF38-A57D-4E5E-8E23-1690E30DE527}.Release|Any CPU.Build.0 = Release|Any CPU
		{6911966D-744E-4D62-A48D-A8124B367629}.Debug|Any CPU.ActiveCfg = Debug|Any CPU
		{6911966D-744E-4D62-A48D-A8124B367629}.Debug|Any CPU.Build.0 = Debug|Any CPU
		{6911966D-744E-4D62-A48D-A8124B367629}.Release|Any CPU.ActiveCfg = Release|Any CPU
		{6911966D-744E-4D62-A48D-A8124B367629}.Release|Any CPU.Build.0 = Release|Any CPU
	EndGlobalSection
	GlobalSection(SolutionProperties) = preSolution
		HideSolutionNode = FALSE
	EndGlobalSection
	GlobalSection(NestedProjects) = preSolution
		{FEA53647-6C16-4BA1-9234-B99702C0115B} = {EE502AF3-1ABE-4E85-9AE3-9D4F0AF96F90}
		{E1A22263-C038-4106-90F7-70089FA67E77} = {EE502AF3-1ABE-4E85-9AE3-9D4F0AF96F90}
		{732EA76A-6903-418A-99B6-003BB761D1A6} = {FEA53647-6C16-4BA1-9234-B99702C0115B}
		{B093C34F-47E7-445F-AB91-3C09053932ED} = {E1A22263-C038-4106-90F7-70089FA67E77}
		{E5952207-8742-441C-95D9-CB54AE9C3953} = {FEA53647-6C16-4BA1-9234-B99702C0115B}
		{D13DEF38-A57D-4E5E-8E23-1690E30DE527} = {FEA53647-6C16-4BA1-9234-B99702C0115B}
		{6911966D-744E-4D62-A48D-A8124B367629} = {FEA53647-6C16-4BA1-9234-B99702C0115B}
	EndGlobalSection
	GlobalSection(ExtensibilityGlobals) = postSolution
		SolutionGuid = {024251AD-AC56-4FCC-9C06-894C6311554D}
	EndGlobalSection
EndGlobal
